
Microsoft Visual Studio Solution File, Format Version 12.00
# Visual Studio Version 17
VisualStudioVersion = 17.0.31423.177
MinimumVisualStudioVersion = 10.0.40219.1
Project("{FAE04EC0-301F-11D3-BF4B-00C04F79EFBC}") = "TodoListBlazorWasm", "TodoListBlazorWasm\TodoListBlazorWasm.csproj", "{B317A695-85E6-4B9E-99A9-471AD071A127}"
EndProject
Project("{FAE04EC0-301F-11D3-BF4B-00C04F79EFBC}") = "TodoList.Api", "TodoList.Api\TodoList.Api.csproj", "{7FF96463-28A2-4DB9-B52B-238CE3A06D3A}"
EndProject
Global
	GlobalSection(SolutionConfigurationPlatforms) = preSolution
		Debug|Any CPU = Debug|Any CPU
		Release|Any CPU = Release|Any CPU
	EndGlobalSection
	GlobalSection(ProjectConfigurationPlatforms) = postSolution
		{B317A695-85E6-4B9E-99A9-471AD071A127}.Debug|Any CPU.ActiveCfg = Debug|Any CPU
		{B317A695-85E6-4B9E-99A9-471AD071A127}.Debug|Any CPU.Build.0 = Debug|Any CPU
		{B317A695-85E6-4B9E-99A9-471AD071A127}.Release|Any CPU.ActiveCfg = Release|Any CPU
		{B317A695-85E6-4B9E-99A9-471AD071A127}.Release|Any CPU.Build.0 = Release|Any CPU
		{7FF96463-28A2-4DB9-B52B-238CE3A06D3A}.Debug|Any CPU.ActiveCfg = Debug|Any CPU
		{7FF96463-28A2-4DB9-B52B-238CE3A06D3A}.Debug|Any CPU.Build.0 = Debug|Any CPU
		{7FF96463-28A2-4DB9-B52B-238CE3A06D3A}.Release|Any CPU.ActiveCfg = Release|Any CPU
		{7FF96463-28A2-4DB9-B52B-238CE3A06D3A}.Release|Any CPU.Build.0 = Release|Any CPU
	EndGlobalSection
	GlobalSection(SolutionProperties) = preSolution
		HideSolutionNode = FALSE
	EndGlobalSection
	GlobalSection(ExtensibilityGlobals) = postSolution
		SolutionGuid = {2CC8BDD3-505F-4D92-A520-267F0EAE54E7}
	EndGlobalSection
EndGlobal
